
Microsoft Visual Studio Solution File, Format Version 12.00
# Visual Studio Version 16
VisualStudioVersion = 16.0.30517.126
MinimumVisualStudioVersion = 10.0.40219.1
Project("{FAE04EC0-301F-11D3-BF4B-00C04F79EFBC}") = "API-LAB-03-ED2-URL", "LAB-03-ED2-URL\API-LAB-03-ED2-URL.csproj", "{5E7FBDF7-19FE-49CD-B865-AE529F247932}"
EndProject
Project("{FAE04EC0-301F-11D3-BF4B-00C04F79EFBC}") = "ClassLibrary-LAB-03-ED2-URL", "ClassLibrary-LAB-03-ED2-URL\ClassLibrary-LAB-03-ED2-URL.csproj", "{5EF00B4C-B437-45A7-818A-1050D15317BD}"
EndProject
Project("{FAE04EC0-301F-11D3-BF4B-00C04F79EFBC}") = "ConsoleApp-LAB-03-ED2-URL", "ConsoleApp-LAB-03-ED2-URL\ConsoleApp-LAB-03-ED2-URL.csproj", "{898D2DDE-9A1D-41B1-8D51-47ABB247B378}"
EndProject
Global
	GlobalSection(SolutionConfigurationPlatforms) = preSolution
		Debug|Any CPU = Debug|Any CPU
		Release|Any CPU = Release|Any CPU
	EndGlobalSection
	GlobalSection(ProjectConfigurationPlatforms) = postSolution
		{5E7FBDF7-19FE-49CD-B865-AE529F247932}.Debug|Any CPU.ActiveCfg = Debug|Any CPU
		{5E7FBDF7-19FE-49CD-B865-AE529F247932}.Debug|Any CPU.Build.0 = Debug|Any CPU
		{5E7FBDF7-19FE-49CD-B865-AE529F247932}.Release|Any CPU.ActiveCfg = Release|Any CPU
		{5E7FBDF7-19FE-49CD-B865-AE529F247932}.Release|Any CPU.Build.0 = Release|Any CPU
		{5EF00B4C-B437-45A7-818A-1050D15317BD}.Debug|Any CPU.ActiveCfg = Debug|Any CPU
		{5EF00B4C-B437-45A7-818A-1050D15317BD}.Debug|Any CPU.Build.0 = Debug|Any CPU
		{5EF00B4C-B437-45A7-818A-1050D15317BD}.Release|Any CPU.ActiveCfg = Release|Any CPU
		{5EF00B4C-B437-45A7-818A-1050D15317BD}.Release|Any CPU.Build.0 = Release|Any CPU
		{898D2DDE-9A1D-41B1-8D51-47ABB247B378}.Debug|Any CPU.ActiveCfg = Debug|Any CPU
		{898D2DDE-9A1D-41B1-8D51-47ABB247B378}.Debug|Any CPU.Build.0 = Debug|Any CPU
		{898D2DDE-9A1D-41B1-8D51-47ABB247B378}.Release|Any CPU.ActiveCfg = Release|Any CPU
		{898D2DDE-9A1D-41B1-8D51-47ABB247B378}.Release|Any CPU.Build.0 = Release|Any CPU
	EndGlobalSection
	GlobalSection(SolutionProperties) = preSolution
		HideSolutionNode = FALSE
	EndGlobalSection
	GlobalSection(ExtensibilityGlobals) = postSolution
		SolutionGuid = {B4B69139-01DD-4BCC-A640-9A3DD2BF0C74}
	EndGlobalSection
EndGlobal
